
Microsoft Visual Studio Solution File, Format Version 12.00
# Visual Studio 15
VisualStudioVersion = 15.0.27428.2037
MinimumVisualStudioVersion = 10.0.40219.1
Project("{FAE04EC0-301F-11D3-BF4B-00C04F79EFBC}") = "BubbleSort", "BubbleSort\BubbleSort.csproj", "{935080D2-7E30-4465-90CA-D9099603E549}"
EndProject
Global
	GlobalSection(SolutionConfigurationPlatforms) = preSolution
		Debug|Any CPU = Debug|Any CPU
		Release|Any CPU = Release|Any CPU
	EndGlobalSection
	GlobalSection(ProjectConfigurationPlatforms) = postSolution
		{935080D2-7E30-4465-90CA-D9099603E549}.Debug|Any CPU.ActiveCfg = Debug|Any CPU
		{935080D2-7E30-4465-90CA-D9099603E549}.Debug|Any CPU.Build.0 = Debug|Any CPU
		{935080D2-7E30-4465-90CA-D9099603E549}.Release|Any CPU.ActiveCfg = Release|Any CPU
		{935080D2-7E30-4465-90CA-D9099603E549}.Release|Any CPU.Build.0 = Release|Any CPU
	EndGlobalSection
	GlobalSection(SolutionProperties) = preSolution
		HideSolutionNode = FALSE
	EndGlobalSection
	GlobalSection(ExtensibilityGlobals) = postSolution
		SolutionGuid = {3D47FF2B-ECFB-43F9-BF28-07BA6BC010D4}
	EndGlobalSection
EndGlobal
