
Microsoft Visual Studio Solution File, Format Version 12.00
# Visual Studio 15
VisualStudioVersion = 15.0.27428.2037
MinimumVisualStudioVersion = 10.0.40219.1
Project("{FAE04EC0-301F-11D3-BF4B-00C04F79EFBC}") = "RecursivelyReverseString", "RecursivelyReverseString\RecursivelyReverseString.csproj", "{EE28E636-C1E4-42B2-842C-2AF201F5F2BE}"
EndProject
Global
	GlobalSection(SolutionConfigurationPlatforms) = preSolution
		Debug|Any CPU = Debug|Any CPU
		Release|Any CPU = Release|Any CPU
	EndGlobalSection
	GlobalSection(ProjectConfigurationPlatforms) = postSolution
		{EE28E636-C1E4-42B2-842C-2AF201F5F2BE}.Debug|Any CPU.ActiveCfg = Debug|Any CPU
		{EE28E636-C1E4-42B2-842C-2AF201F5F2BE}.Debug|Any CPU.Build.0 = Debug|Any CPU
		{EE28E636-C1E4-42B2-842C-2AF201F5F2BE}.Release|Any CPU.ActiveCfg = Release|Any CPU
		{EE28E636-C1E4-42B2-842C-2AF201F5F2BE}.Release|Any CPU.Build.0 = Release|Any CPU
	EndGlobalSection
	GlobalSection(SolutionProperties) = preSolution
		HideSolutionNode = FALSE
	EndGlobalSection
	GlobalSection(ExtensibilityGlobals) = postSolution
		SolutionGuid = {DCB28C41-C989-48DC-A51D-728F58721AA8}
	EndGlobalSection
EndGlobal
