
Microsoft Visual Studio Solution File, Format Version 12.00
# Visual Studio 15
VisualStudioVersion = 15.0.27428.2037
MinimumVisualStudioVersion = 10.0.40219.1
Project("{FAE04EC0-301F-11D3-BF4B-00C04F79EFBC}") = "NewPalindrome", "NewPalindrome\NewPalindrome.csproj", "{BDE97EDC-8BA2-4317-975F-5ABFE1B5D46C}"
EndProject
Project("{FAE04EC0-301F-11D3-BF4B-00C04F79EFBC}") = "NewPalindromeTests", "NewPalindromeTests\NewPalindromeTests.csproj", "{DDF6869C-5E59-41FC-9AF0-76FBA58560CA}"
EndProject
Global
	GlobalSection(SolutionConfigurationPlatforms) = preSolution
		Debug|Any CPU = Debug|Any CPU
		Release|Any CPU = Release|Any CPU
	EndGlobalSection
	GlobalSection(ProjectConfigurationPlatforms) = postSolution
		{BDE97EDC-8BA2-4317-975F-5ABFE1B5D46C}.Debug|Any CPU.ActiveCfg = Debug|Any CPU
		{BDE97EDC-8BA2-4317-975F-5ABFE1B5D46C}.Debug|Any CPU.Build.0 = Debug|Any CPU
		{BDE97EDC-8BA2-4317-975F-5ABFE1B5D46C}.Release|Any CPU.ActiveCfg = Release|Any CPU
		{BDE97EDC-8BA2-4317-975F-5ABFE1B5D46C}.Release|Any CPU.Build.0 = Release|Any CPU
		{DDF6869C-5E59-41FC-9AF0-76FBA58560CA}.Debug|Any CPU.ActiveCfg = Debug|Any CPU
		{DDF6869C-5E59-41FC-9AF0-76FBA58560CA}.Debug|Any CPU.Build.0 = Debug|Any CPU
		{DDF6869C-5E59-41FC-9AF0-76FBA58560CA}.Release|Any CPU.ActiveCfg = Release|Any CPU
		{DDF6869C-5E59-41FC-9AF0-76FBA58560CA}.Release|Any CPU.Build.0 = Release|Any CPU
	EndGlobalSection
	GlobalSection(SolutionProperties) = preSolution
		HideSolutionNode = FALSE
	EndGlobalSection
	GlobalSection(ExtensibilityGlobals) = postSolution
		SolutionGuid = {E9A2C35C-45CB-41C2-AB61-1421A2D0BC07}
	EndGlobalSection
EndGlobal
