
Microsoft Visual Studio Solution File, Format Version 12.00
# Visual Studio 15
VisualStudioVersion = 15.0.27428.2037
MinimumVisualStudioVersion = 10.0.40219.1
Project("{FAE04EC0-301F-11D3-BF4B-00C04F79EFBC}") = "InsertionSortAlg", "InsertionSortAlg\InsertionSortAlg.csproj", "{50EDF0BC-7D60-429D-B7A0-E49B9DD7FA09}"
EndProject
Project("{FAE04EC0-301F-11D3-BF4B-00C04F79EFBC}") = "InsertionSortAlgTests", "InsertionSortAlgTests\InsertionSortAlgTests.csproj", "{4AEB4DDD-D3A5-4A6D-9CE2-4B7D51B7A9EF}"
EndProject
Global
	GlobalSection(SolutionConfigurationPlatforms) = preSolution
		Debug|Any CPU = Debug|Any CPU
		Release|Any CPU = Release|Any CPU
	EndGlobalSection
	GlobalSection(ProjectConfigurationPlatforms) = postSolution
		{50EDF0BC-7D60-429D-B7A0-E49B9DD7FA09}.Debug|Any CPU.ActiveCfg = Debug|Any CPU
		{50EDF0BC-7D60-429D-B7A0-E49B9DD7FA09}.Debug|Any CPU.Build.0 = Debug|Any CPU
		{50EDF0BC-7D60-429D-B7A0-E49B9DD7FA09}.Release|Any CPU.ActiveCfg = Release|Any CPU
		{50EDF0BC-7D60-429D-B7A0-E49B9DD7FA09}.Release|Any CPU.Build.0 = Release|Any CPU
		{4AEB4DDD-D3A5-4A6D-9CE2-4B7D51B7A9EF}.Debug|Any CPU.ActiveCfg = Debug|Any CPU
		{4AEB4DDD-D3A5-4A6D-9CE2-4B7D51B7A9EF}.Debug|Any CPU.Build.0 = Debug|Any CPU
		{4AEB4DDD-D3A5-4A6D-9CE2-4B7D51B7A9EF}.Release|Any CPU.ActiveCfg = Release|Any CPU
		{4AEB4DDD-D3A5-4A6D-9CE2-4B7D51B7A9EF}.Release|Any CPU.Build.0 = Release|Any CPU
	EndGlobalSection
	GlobalSection(SolutionProperties) = preSolution
		HideSolutionNode = FALSE
	EndGlobalSection
	GlobalSection(ExtensibilityGlobals) = postSolution
		SolutionGuid = {A0ECE8A6-5873-47AD-AC7B-34E97E4CF8E5}
	EndGlobalSection
EndGlobal
