
Microsoft Visual Studio Solution File, Format Version 12.00
# Visual Studio 15
VisualStudioVersion = 15.0.27428.2037
MinimumVisualStudioVersion = 10.0.40219.1
Project("{FAE04EC0-301F-11D3-BF4B-00C04F79EFBC}") = "InsertionSortWithUnitTest", "InsertionSortWithUnitTest\InsertionSortWithUnitTest.csproj", "{F4C99F3F-0608-4B1B-A9A5-B1DC9B6CC334}"
EndProject
Global
	GlobalSection(SolutionConfigurationPlatforms) = preSolution
		Debug|Any CPU = Debug|Any CPU
		Release|Any CPU = Release|Any CPU
	EndGlobalSection
	GlobalSection(ProjectConfigurationPlatforms) = postSolution
		{F4C99F3F-0608-4B1B-A9A5-B1DC9B6CC334}.Debug|Any CPU.ActiveCfg = Debug|Any CPU
		{F4C99F3F-0608-4B1B-A9A5-B1DC9B6CC334}.Debug|Any CPU.Build.0 = Debug|Any CPU
		{F4C99F3F-0608-4B1B-A9A5-B1DC9B6CC334}.Release|Any CPU.ActiveCfg = Release|Any CPU
		{F4C99F3F-0608-4B1B-A9A5-B1DC9B6CC334}.Release|Any CPU.Build.0 = Release|Any CPU
	EndGlobalSection
	GlobalSection(SolutionProperties) = preSolution
		HideSolutionNode = FALSE
	EndGlobalSection
	GlobalSection(ExtensibilityGlobals) = postSolution
		SolutionGuid = {4965DAED-79CF-41C3-ADFC-25DF22C811D8}
	EndGlobalSection
EndGlobal
